
Microsoft Visual Studio Solution File, Format Version 12.00
# Visual Studio Version 17
VisualStudioVersion = 17.5.33530.505
MinimumVisualStudioVersion = 10.0.40219.1
Project("{FAE04EC0-301F-11D3-BF4B-00C04F79EFBC}") = "prjMVCDemo", "prjMVCDemo\prjMVCDemo.csproj", "{6EECF80B-E969-4E9F-BAC9-0B8FC321B1D8}"
EndProject
Global
	GlobalSection(SolutionConfigurationPlatforms) = preSolution
		Debug|Any CPU = Debug|Any CPU
		Release|Any CPU = Release|Any CPU
	EndGlobalSection
	GlobalSection(ProjectConfigurationPlatforms) = postSolution
		{6EECF80B-E969-4E9F-BAC9-0B8FC321B1D8}.Debug|Any CPU.ActiveCfg = Debug|Any CPU
		{6EECF80B-E969-4E9F-BAC9-0B8FC321B1D8}.Debug|Any CPU.Build.0 = Debug|Any CPU
		{6EECF80B-E969-4E9F-BAC9-0B8FC321B1D8}.Release|Any CPU.ActiveCfg = Release|Any CPU
		{6EECF80B-E969-4E9F-BAC9-0B8FC321B1D8}.Release|Any CPU.Build.0 = Release|Any CPU
	EndGlobalSection
	GlobalSection(SolutionProperties) = preSolution
		HideSolutionNode = FALSE
	EndGlobalSection
	GlobalSection(ExtensibilityGlobals) = postSolution
		SolutionGuid = {87041FE1-AC70-45E5-9801-4B93AD64552A}
	EndGlobalSection
EndGlobal
